
Microsoft Visual Studio Solution File, Format Version 12.00
# Visual Studio Version 17
VisualStudioVersion = 17.2.32630.192
MinimumVisualStudioVersion = 10.0.40219.1
Project("{9A19103F-16F7-4668-BE54-9A1E7A4F7556}") = "BMGRandomizerSharp", "BMGRandomizerSharp\BMGRandomizerSharp.csproj", "{D38B705E-CEF2-403B-8475-B206504A2C01}"
EndProject
Project("{FAE04EC0-301F-11D3-BF4B-00C04F79EFBC}") = "BMGRandomizerSharpGUI", "BMGRandomizerSharpGUI\BMGRandomizerSharpGUI.csproj", "{898CEDF7-064B-4EAB-A2BE-AB4A1016C6B5}"
EndProject
Global
	GlobalSection(SolutionConfigurationPlatforms) = preSolution
		Debug|Any CPU = Debug|Any CPU
		Release|Any CPU = Release|Any CPU
	EndGlobalSection
	GlobalSection(ProjectConfigurationPlatforms) = postSolution
		{D38B705E-CEF2-403B-8475-B206504A2C01}.Debug|Any CPU.ActiveCfg = Debug|Any CPU
		{D38B705E-CEF2-403B-8475-B206504A2C01}.Debug|Any CPU.Build.0 = Debug|Any CPU
		{D38B705E-CEF2-403B-8475-B206504A2C01}.Release|Any CPU.ActiveCfg = Release|Any CPU
		{D38B705E-CEF2-403B-8475-B206504A2C01}.Release|Any CPU.Build.0 = Release|Any CPU
		{898CEDF7-064B-4EAB-A2BE-AB4A1016C6B5}.Debug|Any CPU.ActiveCfg = Debug|Any CPU
		{898CEDF7-064B-4EAB-A2BE-AB4A1016C6B5}.Debug|Any CPU.Build.0 = Debug|Any CPU
		{898CEDF7-064B-4EAB-A2BE-AB4A1016C6B5}.Release|Any CPU.ActiveCfg = Release|Any CPU
		{898CEDF7-064B-4EAB-A2BE-AB4A1016C6B5}.Release|Any CPU.Build.0 = Release|Any CPU
	EndGlobalSection
	GlobalSection(SolutionProperties) = preSolution
		HideSolutionNode = FALSE
	EndGlobalSection
	GlobalSection(ExtensibilityGlobals) = postSolution
		SolutionGuid = {B90DB76A-F7D9-4983-874A-A9004FD48CDC}
	EndGlobalSection
EndGlobal
